// !$*UTF8*$!
{
	archiveVersion = 1;
	classes = {
	};
	objectVersion = 46;
	objects = {

/* Begin PBXBuildFile section */
		04D5BC361C02E9DB00983D84 /* main.m in Sources */ = {isa = PBXBuildFile; fileRef = 04D5BC351C02E9DB00983D84 /* main.m */; };
		04D5BC391C02E9DB00983D84 /* AppDelegate.m in Sources */ = {isa = PBXBuildFile; fileRef = 04D5BC381C02E9DB00983D84 /* AppDelegate.m */; };
		04D5BC3C1C02E9DB00983D84 /* ViewController.m in Sources */ = {isa = PBXBuildFile; fileRef = 04D5BC3B1C02E9DB00983D84 /* ViewController.m */; };
		04D5BC3F1C02E9DB00983D84 /* Main.storyboard in Resources */ = {isa = PBXBuildFile; fileRef = 04D5BC3D1C02E9DB00983D84 /* Main.storyboard */; };
		04D5BC411C02E9DB00983D84 /* Assets.xcassets in Resources */ = {isa = PBXBuildFile; fileRef = 04D5BC401C02E9DB00983D84 /* Assets.xcassets */; };
		04D5BC441C02E9DB00983D84 /* LaunchScreen.storyboard in Resources */ = {isa = PBXBuildFile; fileRef = 04D5BC421C02E9DB00983D84 /* LaunchScreen.storyboard */; };
		04D5BC4F1C02E9DB00983D84 /* UILabelDemoTests.m in Sources */ = {isa = PBXBuildFile; fileRef = 04D5BC4E1C02E9DB00983D84 /* UILabelDemoTests.m */; };
		04D5BC5A1C02E9DB00983D84 /* UILabelDemoUITests.m in Sources */ = {isa = PBXBuildFile; fileRef = 04D5BC591C02E9DB00983D84 /* UILabelDemoUITests.m */; };
/* End PBXBuildFile section */

/* Begin PBXContainerItemProxy section */
		04D5BC4B1C02E9DB00983D84 /* PBXContainerItemProxy */ = {
			isa = PBXContainerItemProxy;
			containerPortal = 04D5BC291C02E9DB00983D84 /* Project object */;
			proxyType = 1;
			remoteGlobalIDString = 04D5BC301C02E9DB00983D84;
			remoteInfo = UILabelDemo;
		};
		04D5BC561C02E9DB00983D84 /* PBXContainerItemProxy */ = {
			isa = PBXContainerItemProxy;
			containerPortal = 04D5BC291C02E9DB00983D84 /* Project object */;
			proxyType = 1;
			remoteGlobalIDString = 04D5BC301C02E9DB00983D84;
			remoteInfo = UILabelDemo;
		};
/* End PBXContainerItemProxy section */

/* Begin PBXFileReference section */
		04D5BC311C02E9DB00983D84 /* UILabelDemo.app */ = {isa = PBXFileReference; explicitFileType = wrapper.application; includeInIndex = 0; path = UILabelDemo.app; sourceTree = BUILT_PRODUCTS_DIR; };
		04D5BC351C02E9DB00983D84 /* main.m */ = {isa = PBXFileReference; lastKnownFileType = sourcecode.c.objc; path = main.m; sourceTree = "<group>"; };
		04D5BC371C02E9DB00983D84 /* AppDelegate.h */ = {isa = PBXFileReference; lastKnownFileType = sourcecode.c.h; path = AppDelegate.h; sourceTree = "<group>"; };
		04D5BC381C02E9DB00983D84 /* AppDelegate.m */ = {isa = PBXFileReference; lastKnownFileType = sourcecode.c.objc; path = AppDelegate.m; sourceTree = "<group>"; };
		04D5BC3A1C02E9DB00983D84 /* ViewController.h */ = {isa = PBXFileReference; lastKnownFileType = sourcecode.c.h; path = ViewController.h; sourceTree = "<group>"; };
		04D5BC3B1C02E9DB00983D84 /* ViewController.m */ = {isa = PBXFileReference; lastKnownFileType = sourcecode.c.objc; path = ViewController.m; sourceTree = "<group>"; };
		04D5BC3E1C02E9DB00983D84 /* Base */ = {isa = PBXFileReference; lastKnownFileType = file.storyboard; name = Base; path = Base.lproj/Main.storyboard; sourceTree = "<group>"; };
		04D5BC401C02E9DB00983D84 /* Assets.xcassets */ = {isa = PBXFileReference; lastKnownFileType = folder.assetcatalog; path = Assets.xcassets; sourceTree = "<group>"; };
		04D5BC431C02E9DB00983D84 /* Base */ = {isa = PBXFileReference; lastKnownFileType = file.storyboard; name = Base; path = Base.lproj/LaunchScreen.storyboard; sourceTree = "<group>"; };
		04D5BC451C02E9DB00983D84 /* Info.plist */ = {isa = PBXFileReference; lastKnownFileType = text.plist.xml; path = Info.plist; sourceTree = "<group>"; };
		04D5BC4A1C02E9DB00983D84 /* UILabelDemoTests.xctest */ = {isa = PBXFileReference; explicitFileType = wrapper.cfbundle; includeInIndex = 0; path = UILabelDemoTests.xctest; sourceTree = BUILT_PRODUCTS_DIR; };
		04D5BC4E1C02E9DB00983D84 /* UILabelDemoTests.m */ = {isa = PBXFileReference; lastKnownFileType = sourcecode.c.objc; path = UILabelDemoTests.m; sourceTree = "<group>"; };
		04D5BC501C02E9DB00983D84 /* Info.plist */ = {isa = PBXFileReference; lastKnownFileType = text.plist.xml; path = Info.plist; sourceTree = "<group>"; };
		04D5BC551C02E9DB00983D84 /* UILabelDemoUITests.xctest */ = {isa = PBXFileReference; explicitFileType = wrapper.cfbundle; includeInIndex = 0; path = UILabelDemoUITests.xctest; sourceTree = BUILT_PRODUCTS_DIR; };
		04D5BC591C02E9DB00983D84 /* UILabelDemoUITests.m */ = {isa = PBXFileReference; lastKnownFileType = sourcecode.c.objc; path = UILabelDemoUITests.m; sourceTree = "<group>"; };
		04D5BC5B1C02E9DB00983D84 /* Info.plist */ = {isa = PBXFileReference; lastKnownFileType = text.plist.xml; path = Info.plist; sourceTree = "<group>"; };
/* End PBXFileReference section */

/* Begin PBXFrameworksBuildPhase section */
		04D5BC2E1C02E9DB00983D84 /* Frameworks */ = {
			isa = PBXFrameworksBuildPhase;
			buildActionMask = 2147483647;
			files = (
			);
			runOnlyForDeploymentPostprocessing = 0;
		};
		04D5BC471C02E9DB00983D84 /* Frameworks */ = {
			isa = PBXFrameworksBuildPhase;
			buildActionMask = 2147483647;
			files = (
			);
			runOnlyForDeploymentPostprocessing = 0;
		};
		04D5BC521C02E9DB00983D84 /* Frameworks */ = {
			isa = PBXFrameworksBuildPhase;
			buildActionMask = 2147483647;
			files = (
			);
			runOnlyForDeploymentPostprocessing = 0;
		};
/* End PBXFrameworksBuildPhase section */

/* Begin PBXGroup section */
		04D5BC281C02E9DB00983D84 = {
			isa = PBXGroup;
			children = (
				04D5BC331C02E9DB00983D84 /* UILabelDemo */,
				04D5BC4D1C02E9DB00983D84 /* UILabelDemoTests */,
				04D5BC581C02E9DB00983D84 /* UILabelDemoUITests */,
				04D5BC321C02E9DB00983D84 /* Products */,
			);
			sourceTree = "<group>";
		};
		04D5BC321C02E9DB00983D84 /* Products */ = {
			isa = PBXGroup;
			children = (
				04D5BC311C02E9DB00983D84 /* UILabelDemo.app */,
				04D5BC4A1C02E9DB00983D84 /* UILabelDemoTests.xctest */,
				04D5BC551C02E9DB00983D84 /* UILabelDemoUITests.xctest */,
			);
			name = Products;
			sourceTree = "<group>";
		};
		04D5BC331C02E9DB00983D84 /* UILabelDemo */ = {
			isa = PBXGroup;
			children = (
				04D5BC371C02E9DB00983D84 /* AppDelegate.h */,
				04D5BC381C02E9DB00983D84 /* AppDelegate.m */,
				04D5BC3A1C02E9DB00983D84 /* ViewController.h */,
				04D5BC3B1C02E9DB00983D84 /* ViewController.m */,
				04D5BC3D1C02E9DB00983D84 /* Main.storyboard */,
				04D5BC401C02E9DB00983D84 /* Assets.xcassets */,
				04D5BC421C02E9DB00983D84 /* LaunchScreen.storyboard */,
				04D5BC451C02E9DB00983D84 /* Info.plist */,
				04D5BC341C02E9DB00983D84 /* Supporting Files */,
			);
			path = UILabelDemo;
			sourceTree = "<group>";
		};
		04D5BC341C02E9DB00983D84 /* Supporting Files */ = {
			isa = PBXGroup;
			children = (
				04D5BC351C02E9DB00983D84 /* main.m */,
			);
			name = "Supporting Files";
			sourceTree = "<group>";
		};
		04D5BC4D1C02E9DB00983D84 /* UILabelDemoTests */ = {
			isa = PBXGroup;
			children = (
				04D5BC4E1C02E9DB00983D84 /* UILabelDemoTests.m */,
				04D5BC501C02E9DB00983D84 /* Info.plist */,
			);
			path = UILabelDemoTests;
			sourceTree = "<group>";
		};
		04D5BC581C02E9DB00983D84 /* UILabelDemoUITests */ = {
			isa = PBXGroup;
			children = (
				04D5BC591C02E9DB00983D84 /* UILabelDemoUITests.m */,
				04D5BC5B1C02E9DB00983D84 /* Info.plist */,
			);
			path = UILabelDemoUITests;
			sourceTree = "<group>";
		};
/* End PBXGroup section */

/* Begin PBXNativeTarget section */
		04D5BC301C02E9DB00983D84 /* UILabelDemo */ = {
			isa = PBXNativeTarget;
			buildConfigurationList = 04D5BC5E1C02E9DB00983D84 /* Build configuration list for PBXNativeTarget "UILabelDemo" */;
			buildPhases = (
				04D5BC2D1C02E9DB00983D84 /* Sources */,
				04D5BC2E1C02E9DB00983D84 /* Frameworks */,
				04D5BC2F1C02E9DB00983D84 /* Resources */,
			);
			buildRules = (
			);
			dependencies = (
			);
			name = UILabelDemo;
			productName = UILabelDemo;
			productReference = 04D5BC311C02E9DB00983D84 /* UILabelDemo.app */;
			productType = "com.apple.product-type.application";
		};
		04D5BC491C02E9DB00983D84 /* UILabelDemoTests */ = {
			isa = PBXNativeTarget;
			buildConfigurationList = 04D5BC611C02E9DB00983D84 /* Build configuration list for PBXNativeTarget "UILabelDemoTests" */;
			buildPhases = (
				04D5BC461C02E9DB00983D84 /* Sources */,
				04D5BC471C02E9DB00983D84 /* Frameworks */,
				04D5BC481C02E9DB00983D84 /* Resources */,
			);
			buildRules = (
			);
			dependencies = (
				04D5BC4C1C02E9DB00983D84 /* PBXTargetDependency */,
			);
			name = UILabelDemoTests;
			productName = UILabelDemoTests;
			productReference = 04D5BC4A1C02E9DB00983D84 /* UILabelDemoTests.xctest */;
			productType = "com.apple.product-type.bundle.unit-test";
		};
		04D5BC541C02E9DB00983D84 /* UILabelDemoUITests */ = {
			isa = PBXNativeTarget;
			buildConfigurationList = 04D5BC641C02E9DB00983D84 /* Build configuration list for PBXNativeTarget "UILabelDemoUITests" */;
			buildPhases = (
				04D5BC511C02E9DB00983D84 /* Sources */,
				04D5BC521C02E9DB00983D84 /* Frameworks */,
				04D5BC531C02E9DB00983D84 /* Resources */,
			);
			buildRules = (
			);
			dependencies = (
				04D5BC571C02E9DB00983D84 /* PBXTargetDependency */,
			);
			name = UILabelDemoUITests;
			productName = UILabelDemoUITests;
			productReference = 04D5BC551C02E9DB00983D84 /* UILabelDemoUITests.xctest */;
			productType = "com.apple.product-type.bundle.ui-testing";
		};
/* End PBXNativeTarget section */

/* Begin PBXProject section */
		04D5BC291C02E9DB00983D84 /* Project object */ = {
			isa = PBXProject;
			attributes = {
				LastUpgradeCheck = 0710;
				ORGANIZATIONNAME = Amy;
				TargetAttributes = {
					04D5BC301C02E9DB00983D84 = {
						CreatedOnToolsVersion = 7.1;
					};
					04D5BC491C02E9DB00983D84 = {
						CreatedOnToolsVersion = 7.1;
						TestTargetID = 04D5BC301C02E9DB00983D84;
					};
					04D5BC541C02E9DB00983D84 = {
						CreatedOnToolsVersion = 7.1;
						TestTargetID = 04D5BC301C02E9DB00983D84;
					};
				};
			};
			buildConfigurationList = 04D5BC2C1C02E9DB00983D84 /* Build configuration list for PBXProject "UILabelDemo" */;
			compatibilityVersion = "Xcode 3.2";
			developmentRegion = English;
			hasScannedForEncodings = 0;
			knownRegions = (
				en,
				Base,
			);
			mainGroup = 04D5BC281C02E9DB00983D84;
			productRefGroup = 04D5BC321C02E9DB00983D84 /* Products */;
			projectDirPath = "";
			projectRoot = "";
			targets = (
				04D5BC301C02E9DB00983D84 /* UILabelDemo */,
				04D5BC491C02E9DB00983D84 /* UILabelDemoTests */,
				04D5BC541C02E9DB00983D84 /* UILabelDemoUITests */,
			);
		};
/* End PBXProject section */

/* Begin PBXResourcesBuildPhase section */
		04D5BC2F1C02E9DB00983D84 /* Resources */ = {
			isa = PBXResourcesBuildPhase;
			buildActionMask = 2147483647;
			files = (
				04D5BC441C02E9DB00983D84 /* LaunchScreen.storyboard in Resources */,
				04D5BC411C02E9DB00983D84 /* Assets.xcassets in Resources */,
				04D5BC3F1C02E9DB00983D84 /* Main.storyboard in Resources */,
			);
			runOnlyForDeploymentPostprocessing = 0;
		};
		04D5BC481C02E9DB00983D84 /* Resources */ = {
			isa = PBXResourcesBuildPhase;
			buildActionMask = 2147483647;
			files = (
			);
			runOnlyForDeploymentPostprocessing = 0;
		};
		04D5BC531C02E9DB00983D84 /* Resources */ = {
			isa = PBXResourcesBuildPhase;
			buildActionMask = 2147483647;
			files = (
			);
			runOnlyForDeploymentPostprocessing = 0;
		};
/* End PBXResourcesBuildPhase section */

/* Begin PBXSourcesBuildPhase section */
		04D5BC2D1C02E9DB00983D84 /* Sources */ = {
			isa = PBXSourcesBuildPhase;
			buildActionMask = 2147483647;
			files = (
				04D5BC3C1C02E9DB00983D84 /* ViewController.m in Sources */,
				04D5BC391C02E9DB00983D84 /* AppDelegate.m in Sources */,
				04D5BC361C02E9DB00983D84 /* main.m in Sources */,
			);
			runOnlyForDeploymentPostprocessing = 0;
		};
		04D5BC461C02E9DB00983D84 /* Sources */ = {
			isa = PBXSourcesBuildPhase;
			buildActionMask = 2147483647;
			files = (
				04D5BC4F1C02E9DB00983D84 /* UILabelDemoTests.m in Sources */,
			);
			runOnlyForDeploymentPostprocessing = 0;
		};
		04D5BC511C02E9DB00983D84 /* Sources */ = {
			isa = PBXSourcesBuildPhase;
			buildActionMask = 2147483647;
			files = (
				04D5BC5A1C02E9DB00983D84 /* UILabelDemoUITests.m in Sources */,
			);
			runOnlyForDeploymentPostprocessing = 0;
		};
/* End PBXSourcesBuildPhase section */

/* Begin PBXTargetDependency section */
		04D5BC4C1C02E9DB00983D84 /* PBXTargetDependency */ = {
			isa = PBXTargetDependency;
			target = 04D5BC301C02E9DB00983D84 /* UILabelDemo */;
			targetProxy = 04D5BC4B1C02E9DB00983D84 /* PBXContainerItemProxy */;
		};
		04D5BC571C02E9DB00983D84 /* PBXTargetDependency */ = {
			isa = PBXTargetDependency;
			target = 04D5BC301C02E9DB00983D84 /* UILabelDemo */;
			targetProxy = 04D5BC561C02E9DB00983D84 /* PBXContainerItemProxy */;
		};
/* End PBXTargetDependency section */

/* Begin PBXVariantGroup section */
		04D5BC3D1C02E9DB00983D84 /* Main.storyboard */ = {
			isa = PBXVariantGroup;
			children = (
				04D5BC3E1C02E9DB00983D84 /* Base */,
			);
			name = Main.storyboard;
			sourceTree = "<group>";
		};
		04D5BC421C02E9DB00983D84 /* LaunchScreen.storyboard */ = {
			isa = PBXVariantGroup;
			children = (
				04D5BC431C02E9DB00983D84 /* Base */,
			);
			name = LaunchScreen.storyboard;
			sourceTree = "<group>";
		};
/* End PBXVariantGroup section */

/* Begin XCBuildConfiguration section */
		04D5BC5C1C02E9DB00983D84 /* Debug */ = {
			isa = XCBuildConfiguration;
			buildSettings = {
				ALWAYS_SEARCH_USER_PATHS = NO;
				CLANG_CXX_LANGUAGE_STANDARD = "gnu++0x";
				CLANG_CXX_LIBRARY = "libc++";
				CLANG_ENABLE_MODULES = YES;
				CLANG_ENABLE_OBJC_ARC = YES;
				CLANG_WARN_BOOL_CONVERSION = YES;
				CLANG_WARN_CONSTANT_CONVERSION = YES;
				CLANG_WARN_DIRECT_OBJC_ISA_USAGE = YES_ERROR;
				CLANG_WARN_EMPTY_BODY = YES;
				CLANG_WARN_ENUM_CONVERSION = YES;
				CLANG_WARN_INT_CONVERSION = YES;
				CLANG_WARN_OBJC_ROOT_CLASS = YES_ERROR;
				CLANG_WARN_UNREACHABLE_CODE = YES;
				CLANG_WARN__DUPLICATE_METHOD_MATCH = YES;
				"CODE_SIGN_IDENTITY[sdk=iphoneos*]" = "iPhone Developer";
				COPY_PHASE_STRIP = NO;
				DEBUG_INFORMATION_FORMAT = dwarf;
				ENABLE_STRICT_OBJC_MSGSEND = YES;
				ENABLE_TESTABILITY = YES;
				GCC_C_LANGUAGE_STANDARD = gnu99;
				GCC_DYNAMIC_NO_PIC = NO;
				GCC_NO_COMMON_BLOCKS = YES;
				GCC_OPTIMIZATION_LEVEL = 0;
				GCC_PREPROCESSOR_DEFINITIONS = (
					"DEBUG=1",
					"$(inherited)",
				);
				GCC_WARN_64_TO_32_BIT_CONVERSION = YES;
				GCC_WARN_ABOUT_RETURN_TYPE = YES_ERROR;
				GCC_WARN_UNDECLARED_SELECTOR = YES;
				GCC_WARN_UNINITIALIZED_AUTOS = YES_AGGRESSIVE;
				GCC_WARN_UNUSED_FUNCTION = YES;
				GCC_WARN_UNUSED_VARIABLE = YES;
				IPHONEOS_DEPLOYMENT_TARGET = 9.1;
				MTL_ENABLE_DEBUG_INFO = YES;
				ONLY_ACTIVE_ARCH = YES;
				SDKROOT = iphoneos;
			};
			name = Debug;
		};
		04D5BC5D1C02E9DB00983D84 /* Release */ = {
			isa = XCBuildConfiguration;
			buildSettings = {
				ALWAYS_SEARCH_USER_PATHS = NO;
				CLANG_CXX_LANGUAGE_STANDARD = "gnu++0x";
				CLANG_CXX_LIBRARY = "libc++";
				CLANG_ENABLE_MODULES = YES;
				CLANG_ENABLE_OBJC_ARC = YES;
				CLANG_WARN_BOOL_CONVERSION = YES;
				CLANG_WARN_CONSTANT_CONVERSION = YES;
				CLANG_WARN_DIRECT_OBJC_ISA_USAGE = YES_ERROR;
				CLANG_WARN_EMPTY_BODY = YES;
				CLANG_WARN_ENUM_CONVERSION = YES;
				CLANG_WARN_INT_CONVERSION = YES;
				CLANG_WARN_OBJC_ROOT_CLASS = YES_ERROR;
				CLANG_WARN_UNREACHABLE_CODE = YES;
				CLANG_WARN__DUPLICATE_METHOD_MATCH = YES;
				"CODE_SIGN_IDENTITY[sdk=iphoneos*]" = "iPhone Developer";
				COPY_PHASE_STRIP = NO;
				DEBUG_INFORMATION_FORMAT = "dwarf-with-dsym";
				ENABLE_NS_ASSERTIONS = NO;
				ENABLE_STRICT_OBJC_MSGSEND = YES;
				GCC_C_LANGUAGE_STANDARD = gnu99;
				GCC_NO_COMMON_BLOCKS = YES;
				GCC_WARN_64_TO_32_BIT_CONVERSION = YES;
				GCC_WARN_ABOUT_RETURN_TYPE = YES_ERROR;
				GCC_WARN_UNDECLARED_SELECTOR = YES;
				GCC_WARN_UNINITIALIZED_AUTOS = YES_AGGRESSIVE;
				GCC_WARN_UNUSED_FUNCTION = YES;
				GCC_WARN_UNUSED_VARIABLE = YES;
				IPHONEOS_DEPLOYMENT_TARGET = 9.1;
				MTL_ENABLE_DEBUG_INFO = NO;
				SDKROOT = iphoneos;
				VALIDATE_PRODUCT = YES;
			};
			name = Release;
		};
		04D5BC5F1C02E9DB00983D84 /* Debug */ = {
			isa = XCBuildConfiguration;
			buildSettings = {
				ASSETCATALOG_COMPILER_APPICON_NAME = AppIcon;
				INFOPLIST_FILE = UILabelDemo/Info.plist;
				LD_RUNPATH_SEARCH_PATHS = "$(inherited) @executable_path/Frameworks";
				PRODUCT_BUNDLE_IDENTIFIER = "-111.UILabelDemo";
				PRODUCT_NAME = "$(TARGET_NAME)";
			};
			name = Debug;
		};
		04D5BC601C02E9DB00983D84 /* Release */ = {
			isa = XCBuildConfiguration;
			buildSettings = {
				ASSETCATALOG_COMPILER_APPICON_NAME = AppIcon;
				INFOPLIST_FILE = UILabelDemo/Info.plist;
				LD_RUNPATH_SEARCH_PATHS = "$(inherited) @executable_path/Frameworks";
				PRODUCT_BUNDLE_IDENTIFIER = "-111.UILabelDemo";
				PRODUCT_NAME = "$(TARGET_NAME)";
			};
			name = Release;
		};
		04D5BC621C02E9DB00983D84 /* Debug */ = {
			isa = XCBuildConfiguration;
			buildSettings = {
				BUNDLE_LOADER = "$(TEST_HOST)";
				INFOPLIST_FILE = UILabelDemoTests/Info.plist;
				LD_RUNPATH_SEARCH_PATHS = "$(inherited) @executable_path/Frameworks @loader_path/Frameworks";
				PRODUCT_BUNDLE_IDENTIFIER = "-111.UILabelDemoTests";
				PRODUCT_NAME = "$(TARGET_NAME)";
				TEST_HOST = "$(BUILT_PRODUCTS_DIR)/UILabelDemo.app/UILabelDemo";
			};
			name = Debug;
		};
		04D5BC631C02E9DB00983D84 /* Release */ = {
			isa = XCBuildConfiguration;
			buildSettings = {
				BUNDLE_LOADER = "$(TEST_HOST)";
				INFOPLIST_FILE = UILabelDemoTests/Info.plist;
				LD_RUNPATH_SEARCH_PATHS = "$(inherited) @executable_path/Frameworks @loader_path/Frameworks";
				PRODUCT_BUNDLE_IDENTIFIER = "-111.UILabelDemoTests";
				PRODUCT_NAME = "$(TARGET_NAME)";
				TEST_HOST = "$(BUILT_PRODUCTS_DIR)/UILabelDemo.app/UILabelDemo";
			};
			name = Release;
		};
		04D5BC651C02E9DB00983D84 /* Debug */ = {
			isa = XCBuildConfiguration;
			buildSettings = {
				INFOPLIST_FILE = UILabelDemoUITests/Info.plist;
				LD_RUNPATH_SEARCH_PATHS = "$(inherited) @executable_path/Frameworks @loader_path/Frameworks";
				PRODUCT_BUNDLE_IDENTIFIER = "-111.UILabelDemoUITests";
				PRODUCT_NAME = "$(TARGET_NAME)";
				TEST_TARGET_NAME = UILabelDemo;
				USES_XCTRUNNER = YES;
			};
			name = Debug;
		};
		04D5BC661C02E9DB00983D84 /* Release */ = {
			isa = XCBuildConfiguration;
			buildSettings = {
				INFOPLIST_FILE = UILabelDemoUITests/Info.plist;
				LD_RUNPATH_SEARCH_PATHS = "$(inherited) @executable_path/Frameworks @loader_path/Frameworks";
				PRODUCT_BUNDLE_IDENTIFIER = "-111.UILabelDemoUITests";
				PRODUCT_NAME = "$(TARGET_NAME)";
				TEST_TARGET_NAME = UILabelDemo;
				USES_XCTRUNNER = YES;
			};
			name = Release;
		};
/* End XCBuildConfiguration section */

/* Begin XCConfigurationList section */
		04D5BC2C1C02E9DB00983D84 /* Build configuration list for PBXProject "UILabelDemo" */ = {
			isa = XCConfigurationList;
			buildConfigurations = (
				04D5BC5C1C02E9DB00983D84 /* Debug */,
				04D5BC5D1C02E9DB00983D84 /* Release */,
			);
			defaultConfigurationIsVisible = 0;
			defaultConfigurationName = Release;
		};
		04D5BC5E1C02E9DB00983D84 /* Build configuration list for PBXNativeTarget "UILabelDemo" */ = {
			isa = XCConfigurationList;
			buildConfigurations = (
				04D5BC5F1C02E9DB00983D84 /* Debug */,
				04D5BC601C02E9DB00983D84 /* Release */,
			);
			defaultConfigurationIsVisible = 0;
		};
		04D5BC611C02E9DB00983D84 /* Build configuration list for PBXNativeTarget "UILabelDemoTests" */ = {
			isa = XCConfigurationList;
			buildConfigurations = (
				04D5BC621C02E9DB00983D84 /* Debug */,
				04D5BC631C02E9DB00983D84 /* Release */,
			);
			defaultConfigurationIsVisible = 0;
		};
		04D5BC641C02E9DB00983D84 /* Build configuration list for PBXNativeTarget "UILabelDemoUITests" */ = {
			isa = XCConfigurationList;
			buildConfigurations = (
				04D5BC651C02E9DB00983D84 /* Debug */,
				04D5BC661C02E9DB00983D84 /* Release */,
			);
			defaultConfigurationIsVisible = 0;
		};
/* End XCConfigurationList section */
	};
	rootObject = 04D5BC291C02E9DB00983D84 /* Project object */;
}
